<?xml version="1.0" encoding="utf-8"?>
<Project ToolsVersion="4.0" xmlns="http://schemas.microsoft.com/developer/msbuild/2003">
  <ItemGroup>
    <ClCompile Include="PackmanMain.cpp" />
    <ClCompile Include="File.cpp" />
    <ClCompile Include="Image.cpp" />
    <ClCompile Include="Singleton\Framerate.cpp">
      <Filter>Singleton</Filter>
    </ClCompile>
    <ClCompile Include="Singleton\KeyboardManager.cpp">
      <Filter>Singleton</Filter>
    </ClCompile>
    <ClCompile Include="Singleton\SoundManager.cpp">
      <Filter>Singleton</Filter>
    </ClCompile>
    <ClCompile Include="Sequence\Ending.cpp">
      <Filter>Sequence</Filter>
    </ClCompile>
    <ClCompile Include="Sequence\GameOver.cpp">
      <Filter>Sequence</Filter>
    </ClCompile>
    <ClCompile Include="Sequence\Parent.cpp">
      <Filter>Sequence</Filter>
    </ClCompile>
    <ClCompile Include="Sequence\Title.cpp">
      <Filter>Sequence</Filter>
    </ClCompile>
    <ClCompile Include="Sequence\Game\Clear.cpp">
      <Filter>Sequence\Game</Filter>
    </ClCompile>
    <ClCompile Include="Sequence\Game\Parent.cpp">
      <Filter>Sequence\Game</Filter>
    </ClCompile>
    <ClCompile Include="Sequence\Game\Pause.cpp">
      <Filter>Sequence\Game</Filter>
    </ClCompile>
    <ClCompile Include="Sequence\Game\Play.cpp">
      <Filter>Sequence\Game</Filter>
    </ClCompile>
    <ClCompile Include="Sequence\Game\Ready.cpp">
      <Filter>Sequence\Game</Filter>
    </ClCompile>
    <ClCompile Include="Game\Stage.cpp">
      <Filter>Game</Filter>
    </ClCompile>
    <ClCompile Include="Game\Character.cpp">
      <Filter>Game</Filter>
    </ClCompile>
    <ClCompile Include="Game\StaticObject.cpp">
      <Filter>Game</Filter>
    </ClCompile>
  </ItemGroup>
  <ItemGroup>
    <ClInclude Include="Array2D.h" />
    <ClInclude Include="Common.h" />
    <ClInclude Include="File.h" />
    <ClInclude Include="Image.h" />
    <ClInclude Include="Singleton\Framerate.h">
      <Filter>Singleton</Filter>
    </ClInclude>
    <ClInclude Include="Singleton\KeyboardManager.h">
      <Filter>Singleton</Filter>
    </ClInclude>
    <ClInclude Include="Singleton\SoundManager.h">
      <Filter>Singleton</Filter>
    </ClInclude>
    <ClInclude Include="Sequence\Child.h">
      <Filter>Sequence</Filter>
    </ClInclude>
    <ClInclude Include="Sequence\Ending.h">
      <Filter>Sequence</Filter>
    </ClInclude>
    <ClInclude Include="Sequence\GameOver.h">
      <Filter>Sequence</Filter>
    </ClInclude>
    <ClInclude Include="Sequence\Parent.h">
      <Filter>Sequence</Filter>
    </ClInclude>
    <ClInclude Include="Sequence\Title.h">
      <Filter>Sequence</Filter>
    </ClInclude>
    <ClInclude Include="Sequence\Game\Child.h">
      <Filter>Sequence\Game</Filter>
    </ClInclude>
    <ClInclude Include="Sequence\Game\Clear.h">
      <Filter>Sequence\Game</Filter>
    </ClInclude>
    <ClInclude Include="Sequence\Game\Parent.h">
      <Filter>Sequence\Game</Filter>
    </ClInclude>
    <ClInclude Include="Sequence\Game\Pause.h">
      <Filter>Sequence\Game</Filter>
    </ClInclude>
    <ClInclude Include="Sequence\Game\Play.h">
      <Filter>Sequence\Game</Filter>
    </ClInclude>
    <ClInclude Include="Sequence\Game\Ready.h">
      <Filter>Sequence\Game</Filter>
    </ClInclude>
    <ClInclude Include="Game\Stage.h">
      <Filter>Game</Filter>
    </ClInclude>
    <ClInclude Include="Game\Character.h">
      <Filter>Game</Filter>
    </ClInclude>
    <ClInclude Include="Game\StaticObject.h">
      <Filter>Game</Filter>
    </ClInclude>
    <ClInclude Include="Game\Object.h">
      <Filter>Game</Filter>
    </ClInclude>
  </ItemGroup>
  <ItemGroup>
    <Filter Include="Sequence">
      <UniqueIdentifier>{3639793e-169f-4a0e-8610-c120359c22b8}</UniqueIdentifier>
    </Filter>
    <Filter Include="Singleton">
      <UniqueIdentifier>{17636c2d-ee95-41c6-a7eb-618d988b9ce4}</UniqueIdentifier>
    </Filter>
    <Filter Include="Sequence\Game">
      <UniqueIdentifier>{197933d5-3e9c-40be-b40e-8d1af41f26f8}</UniqueIdentifier>
    </Filter>
    <Filter Include="Game">
      <UniqueIdentifier>{8e52d088-121b-4f9a-84fd-cbde83429fd3}</UniqueIdentifier>
    </Filter>
  </ItemGroup>
</Project>